
Microsoft Visual Studio Solution File, Format Version 12.00
# Visual Studio 2013
VisualStudioVersion = 12.0.30501.0
MinimumVisualStudioVersion = 10.0.40219.1
Project("{FAE04EC0-301F-11D3-BF4B-00C04F79EFBC}") = "Gate2Camp", "Gate2Camp\Gate2Camp.csproj", "{C2C140C1-7CFE-4C67-9CA2-E43FE2885072}"
EndProject
Project("{2150E333-8FDC-42A3-9474-1A3956D46DE8}") = "ExternalReferences", "ExternalReferences", "{A3CCFE9D-1ED2-4555-BF80-D776D21F5304}"
EndProject
Project("{FAE04EC0-301F-11D3-BF4B-00C04F79EFBC}") = "MicroMvvm", "..\MicroMvvm\MicroMvvm.csproj", "{9EFE6CBD-DF21-436E-9F81-E258BAB0B653}"
EndProject
Project("{FAE04EC0-301F-11D3-BF4B-00C04F79EFBC}") = "EVEBotis", "EVEBotis\EVEBotis.csproj", "{06BF4FD4-D008-461C-986E-42ACD04CDD06}"
EndProject
Project("{2150E333-8FDC-42A3-9474-1A3956D46DE8}") = "Modules", "Modules", "{0AB17A72-47C1-4845-A5D5-B44E164AB4A1}"
EndProject
Project("{2150E333-8FDC-42A3-9474-1A3956D46DE8}") = "Core", "Core", "{3C55BD40-0689-4A98-B9A4-DCD206EAB0DE}"
EndProject
Project("{FAE04EC0-301F-11D3-BF4B-00C04F79EFBC}") = "EVE.Core", "EVE.Core\EVE.Core.csproj", "{157A53D2-035B-433A-823C-7FC069219A14}"
EndProject
Project("{FAE04EC0-301F-11D3-BF4B-00C04F79EFBC}") = "PosBash", "PosBash\PosBash.csproj", "{02BF5A01-02A0-424A-8A45-319570F9E525}"
EndProject
Project("{FAE04EC0-301F-11D3-BF4B-00C04F79EFBC}") = "MtuDealer", "MtuDealer\MtuDealer.csproj", "{64E3E07C-8740-4E5E-89E7-A734CE0E3140}"
EndProject
Global
	GlobalSection(SolutionConfigurationPlatforms) = preSolution
		Debug|Any CPU = Debug|Any CPU
		Debug|Mixed Platforms = Debug|Mixed Platforms
		Debug|x86 = Debug|x86
		Release|Any CPU = Release|Any CPU
		Release|Mixed Platforms = Release|Mixed Platforms
		Release|x86 = Release|x86
	EndGlobalSection
	GlobalSection(ProjectConfigurationPlatforms) = postSolution
		{C2C140C1-7CFE-4C67-9CA2-E43FE2885072}.Debug|Any CPU.ActiveCfg = Debug|Any CPU
		{C2C140C1-7CFE-4C67-9CA2-E43FE2885072}.Debug|Any CPU.Build.0 = Debug|Any CPU
		{C2C140C1-7CFE-4C67-9CA2-E43FE2885072}.Debug|Mixed Platforms.ActiveCfg = Debug|Any CPU
		{C2C140C1-7CFE-4C67-9CA2-E43FE2885072}.Debug|Mixed Platforms.Build.0 = Debug|Any CPU
		{C2C140C1-7CFE-4C67-9CA2-E43FE2885072}.Debug|x86.ActiveCfg = Debug|Any CPU
		{C2C140C1-7CFE-4C67-9CA2-E43FE2885072}.Release|Any CPU.ActiveCfg = Release|Any CPU
		{C2C140C1-7CFE-4C67-9CA2-E43FE2885072}.Release|Any CPU.Build.0 = Release|Any CPU
		{C2C140C1-7CFE-4C67-9CA2-E43FE2885072}.Release|Mixed Platforms.ActiveCfg = Release|Any CPU
		{C2C140C1-7CFE-4C67-9CA2-E43FE2885072}.Release|Mixed Platforms.Build.0 = Release|Any CPU
		{C2C140C1-7CFE-4C67-9CA2-E43FE2885072}.Release|x86.ActiveCfg = Release|Any CPU
		{9EFE6CBD-DF21-436E-9F81-E258BAB0B653}.Debug|Any CPU.ActiveCfg = Debug|Any CPU
		{9EFE6CBD-DF21-436E-9F81-E258BAB0B653}.Debug|Any CPU.Build.0 = Debug|Any CPU
		{9EFE6CBD-DF21-436E-9F81-E258BAB0B653}.Debug|Mixed Platforms.ActiveCfg = Debug|Any CPU
		{9EFE6CBD-DF21-436E-9F81-E258BAB0B653}.Debug|Mixed Platforms.Build.0 = Debug|Any CPU
		{9EFE6CBD-DF21-436E-9F81-E258BAB0B653}.Debug|x86.ActiveCfg = Debug|Any CPU
		{9EFE6CBD-DF21-436E-9F81-E258BAB0B653}.Release|Any CPU.ActiveCfg = Release|Any CPU
		{9EFE6CBD-DF21-436E-9F81-E258BAB0B653}.Release|Any CPU.Build.0 = Release|Any CPU
		{9EFE6CBD-DF21-436E-9F81-E258BAB0B653}.Release|Mixed Platforms.ActiveCfg = Release|Any CPU
		{9EFE6CBD-DF21-436E-9F81-E258BAB0B653}.Release|Mixed Platforms.Build.0 = Release|Any CPU
		{9EFE6CBD-DF21-436E-9F81-E258BAB0B653}.Release|x86.ActiveCfg = Release|Any CPU
		{06BF4FD4-D008-461C-986E-42ACD04CDD06}.Debug|Any CPU.ActiveCfg = Debug|Any CPU
		{06BF4FD4-D008-461C-986E-42ACD04CDD06}.Debug|Any CPU.Build.0 = Debug|Any CPU
		{06BF4FD4-D008-461C-986E-42ACD04CDD06}.Debug|Mixed Platforms.ActiveCfg = Debug|Any CPU
		{06BF4FD4-D008-461C-986E-42ACD04CDD06}.Debug|Mixed Platforms.Build.0 = Debug|Any CPU
		{06BF4FD4-D008-461C-986E-42ACD04CDD06}.Debug|x86.ActiveCfg = Debug|Any CPU
		{06BF4FD4-D008-461C-986E-42ACD04CDD06}.Release|Any CPU.ActiveCfg = Release|Any CPU
		{06BF4FD4-D008-461C-986E-42ACD04CDD06}.Release|Any CPU.Build.0 = Release|Any CPU
		{06BF4FD4-D008-461C-986E-42ACD04CDD06}.Release|Mixed Platforms.ActiveCfg = Release|Any CPU
		{06BF4FD4-D008-461C-986E-42ACD04CDD06}.Release|Mixed Platforms.Build.0 = Release|Any CPU
		{06BF4FD4-D008-461C-986E-42ACD04CDD06}.Release|x86.ActiveCfg = Release|Any CPU
		{157A53D2-035B-433A-823C-7FC069219A14}.Debug|Any CPU.ActiveCfg = Debug|Any CPU
		{157A53D2-035B-433A-823C-7FC069219A14}.Debug|Any CPU.Build.0 = Debug|Any CPU
		{157A53D2-035B-433A-823C-7FC069219A14}.Debug|Mixed Platforms.ActiveCfg = Debug|Any CPU
		{157A53D2-035B-433A-823C-7FC069219A14}.Debug|Mixed Platforms.Build.0 = Debug|Any CPU
		{157A53D2-035B-433A-823C-7FC069219A14}.Debug|x86.ActiveCfg = Debug|Any CPU
		{157A53D2-035B-433A-823C-7FC069219A14}.Release|Any CPU.ActiveCfg = Release|Any CPU
		{157A53D2-035B-433A-823C-7FC069219A14}.Release|Any CPU.Build.0 = Release|Any CPU
		{157A53D2-035B-433A-823C-7FC069219A14}.Release|Mixed Platforms.ActiveCfg = Release|Any CPU
		{157A53D2-035B-433A-823C-7FC069219A14}.Release|Mixed Platforms.Build.0 = Release|Any CPU
		{157A53D2-035B-433A-823C-7FC069219A14}.Release|x86.ActiveCfg = Release|Any CPU
		{02BF5A01-02A0-424A-8A45-319570F9E525}.Debug|Any CPU.ActiveCfg = Debug|Any CPU
		{02BF5A01-02A0-424A-8A45-319570F9E525}.Debug|Any CPU.Build.0 = Debug|Any CPU
		{02BF5A01-02A0-424A-8A45-319570F9E525}.Debug|Mixed Platforms.ActiveCfg = Debug|Any CPU
		{02BF5A01-02A0-424A-8A45-319570F9E525}.Debug|Mixed Platforms.Build.0 = Debug|Any CPU
		{02BF5A01-02A0-424A-8A45-319570F9E525}.Debug|x86.ActiveCfg = Debug|Any CPU
		{02BF5A01-02A0-424A-8A45-319570F9E525}.Release|Any CPU.ActiveCfg = Release|Any CPU
		{02BF5A01-02A0-424A-8A45-319570F9E525}.Release|Any CPU.Build.0 = Release|Any CPU
		{02BF5A01-02A0-424A-8A45-319570F9E525}.Release|Mixed Platforms.ActiveCfg = Release|Any CPU
		{02BF5A01-02A0-424A-8A45-319570F9E525}.Release|Mixed Platforms.Build.0 = Release|Any CPU
		{02BF5A01-02A0-424A-8A45-319570F9E525}.Release|x86.ActiveCfg = Release|Any CPU
		{64E3E07C-8740-4E5E-89E7-A734CE0E3140}.Debug|Any CPU.ActiveCfg = Debug|Any CPU
		{64E3E07C-8740-4E5E-89E7-A734CE0E3140}.Debug|Any CPU.Build.0 = Debug|Any CPU
		{64E3E07C-8740-4E5E-89E7-A734CE0E3140}.Debug|Mixed Platforms.ActiveCfg = Debug|Any CPU
		{64E3E07C-8740-4E5E-89E7-A734CE0E3140}.Debug|Mixed Platforms.Build.0 = Debug|Any CPU
		{64E3E07C-8740-4E5E-89E7-A734CE0E3140}.Debug|x86.ActiveCfg = Debug|Any CPU
		{64E3E07C-8740-4E5E-89E7-A734CE0E3140}.Release|Any CPU.ActiveCfg = Release|Any CPU
		{64E3E07C-8740-4E5E-89E7-A734CE0E3140}.Release|Any CPU.Build.0 = Release|Any CPU
		{64E3E07C-8740-4E5E-89E7-A734CE0E3140}.Release|Mixed Platforms.ActiveCfg = Release|Any CPU
		{64E3E07C-8740-4E5E-89E7-A734CE0E3140}.Release|Mixed Platforms.Build.0 = Release|Any CPU
		{64E3E07C-8740-4E5E-89E7-A734CE0E3140}.Release|x86.ActiveCfg = Release|Any CPU
	EndGlobalSection
	GlobalSection(SolutionProperties) = preSolution
		HideSolutionNode = FALSE
	EndGlobalSection
	GlobalSection(NestedProjects) = preSolution
		{C2C140C1-7CFE-4C67-9CA2-E43FE2885072} = {0AB17A72-47C1-4845-A5D5-B44E164AB4A1}
		{9EFE6CBD-DF21-436E-9F81-E258BAB0B653} = {A3CCFE9D-1ED2-4555-BF80-D776D21F5304}
		{3C55BD40-0689-4A98-B9A4-DCD206EAB0DE} = {0AB17A72-47C1-4845-A5D5-B44E164AB4A1}
		{157A53D2-035B-433A-823C-7FC069219A14} = {3C55BD40-0689-4A98-B9A4-DCD206EAB0DE}
		{02BF5A01-02A0-424A-8A45-319570F9E525} = {0AB17A72-47C1-4845-A5D5-B44E164AB4A1}
		{64E3E07C-8740-4E5E-89E7-A734CE0E3140} = {0AB17A72-47C1-4845-A5D5-B44E164AB4A1}
	EndGlobalSection
EndGlobal
