
Microsoft Visual Studio Solution File, Format Version 12.00
# Visual Studio 2013
VisualStudioVersion = 12.0.30501.0
MinimumVisualStudioVersion = 10.0.40219.1
Project("{FAE04EC0-301F-11D3-BF4B-00C04F79EFBC}") = "Gate2Camp", "Gate2Camp\Gate2Camp.csproj", "{C2C140C1-7CFE-4C67-9CA2-E43FE2885072}"
EndProject
Project("{2150E333-8FDC-42A3-9474-1A3956D46DE8}") = "References", "References", "{A3CCFE9D-1ED2-4555-BF80-D776D21F5304}"
EndProject
Project("{FAE04EC0-301F-11D3-BF4B-00C04F79EFBC}") = "MicroMvvm", "..\MicroMvvm\MicroMvvm.csproj", "{9EFE6CBD-DF21-436E-9F81-E258BAB0B653}"
EndProject
Global
	GlobalSection(SolutionConfigurationPlatforms) = preSolution
		Debug|Any CPU = Debug|Any CPU
		Debug|Mixed Platforms = Debug|Mixed Platforms
		Debug|x86 = Debug|x86
		Release|Any CPU = Release|Any CPU
		Release|Mixed Platforms = Release|Mixed Platforms
		Release|x86 = Release|x86
	EndGlobalSection
	GlobalSection(ProjectConfigurationPlatforms) = postSolution
		{C2C140C1-7CFE-4C67-9CA2-E43FE2885072}.Debug|Any CPU.ActiveCfg = Debug|Any CPU
		{C2C140C1-7CFE-4C67-9CA2-E43FE2885072}.Debug|Any CPU.Build.0 = Debug|Any CPU
		{C2C140C1-7CFE-4C67-9CA2-E43FE2885072}.Debug|Mixed Platforms.ActiveCfg = Debug|Any CPU
		{C2C140C1-7CFE-4C67-9CA2-E43FE2885072}.Debug|Mixed Platforms.Build.0 = Debug|Any CPU
		{C2C140C1-7CFE-4C67-9CA2-E43FE2885072}.Debug|x86.ActiveCfg = Debug|Any CPU
		{C2C140C1-7CFE-4C67-9CA2-E43FE2885072}.Release|Any CPU.ActiveCfg = Release|Any CPU
		{C2C140C1-7CFE-4C67-9CA2-E43FE2885072}.Release|Any CPU.Build.0 = Release|Any CPU
		{C2C140C1-7CFE-4C67-9CA2-E43FE2885072}.Release|Mixed Platforms.ActiveCfg = Release|Any CPU
		{C2C140C1-7CFE-4C67-9CA2-E43FE2885072}.Release|Mixed Platforms.Build.0 = Release|Any CPU
		{C2C140C1-7CFE-4C67-9CA2-E43FE2885072}.Release|x86.ActiveCfg = Release|Any CPU
		{9EFE6CBD-DF21-436E-9F81-E258BAB0B653}.Debug|Any CPU.ActiveCfg = Debug|Any CPU
		{9EFE6CBD-DF21-436E-9F81-E258BAB0B653}.Debug|Any CPU.Build.0 = Debug|Any CPU
		{9EFE6CBD-DF21-436E-9F81-E258BAB0B653}.Debug|Mixed Platforms.ActiveCfg = Debug|Any CPU
		{9EFE6CBD-DF21-436E-9F81-E258BAB0B653}.Debug|Mixed Platforms.Build.0 = Debug|Any CPU
		{9EFE6CBD-DF21-436E-9F81-E258BAB0B653}.Debug|x86.ActiveCfg = Debug|Any CPU
		{9EFE6CBD-DF21-436E-9F81-E258BAB0B653}.Release|Any CPU.ActiveCfg = Release|Any CPU
		{9EFE6CBD-DF21-436E-9F81-E258BAB0B653}.Release|Any CPU.Build.0 = Release|Any CPU
		{9EFE6CBD-DF21-436E-9F81-E258BAB0B653}.Release|Mixed Platforms.ActiveCfg = Release|Any CPU
		{9EFE6CBD-DF21-436E-9F81-E258BAB0B653}.Release|Mixed Platforms.Build.0 = Release|Any CPU
		{9EFE6CBD-DF21-436E-9F81-E258BAB0B653}.Release|x86.ActiveCfg = Release|Any CPU
	EndGlobalSection
	GlobalSection(SolutionProperties) = preSolution
		HideSolutionNode = FALSE
	EndGlobalSection
	GlobalSection(NestedProjects) = preSolution
		{9EFE6CBD-DF21-436E-9F81-E258BAB0B653} = {A3CCFE9D-1ED2-4555-BF80-D776D21F5304}
	EndGlobalSection
EndGlobal
